
Microsoft Visual Studio Solution File, Format Version 12.00
# Visual Studio Version 17
VisualStudioVersion = 17.14.36301.6 d17.14
MinimumVisualStudioVersion = 10.0.40219.1
Project("{FAE04EC0-301F-11D3-BF4B-00C04F79EFBC}") = "Parameterless Constructor", "Parameterless Constructor.csproj", "{670D796D-C2A8-425E-A260-39BF73ECC507}"
EndProject
Project("{FAE04EC0-301F-11D3-BF4B-00C04F79EFBC}") = "Sample", "..\Sample\Sample.csproj", "{92D1CD42-B6A8-4B00-88C4-3044C752C573}"
EndProject
Global
	GlobalSection(SolutionConfigurationPlatforms) = preSolution
		Debug|Any CPU = Debug|Any CPU
		Release|Any CPU = Release|Any CPU
	EndGlobalSection
	GlobalSection(ProjectConfigurationPlatforms) = postSolution
		{670D796D-C2A8-425E-A260-39BF73ECC507}.Debug|Any CPU.ActiveCfg = Debug|Any CPU
		{670D796D-C2A8-425E-A260-39BF73ECC507}.Debug|Any CPU.Build.0 = Debug|Any CPU
		{670D796D-C2A8-425E-A260-39BF73ECC507}.Release|Any CPU.ActiveCfg = Release|Any CPU
		{670D796D-C2A8-425E-A260-39BF73ECC507}.Release|Any CPU.Build.0 = Release|Any CPU
		{92D1CD42-B6A8-4B00-88C4-3044C752C573}.Debug|Any CPU.ActiveCfg = Debug|Any CPU
		{92D1CD42-B6A8-4B00-88C4-3044C752C573}.Debug|Any CPU.Build.0 = Debug|Any CPU
		{92D1CD42-B6A8-4B00-88C4-3044C752C573}.Release|Any CPU.ActiveCfg = Release|Any CPU
		{92D1CD42-B6A8-4B00-88C4-3044C752C573}.Release|Any CPU.Build.0 = Release|Any CPU
	EndGlobalSection
	GlobalSection(SolutionProperties) = preSolution
		HideSolutionNode = FALSE
	EndGlobalSection
	GlobalSection(ExtensibilityGlobals) = postSolution
		SolutionGuid = {BF12D074-FE4E-4A0E-AE27-DBEEC2C04D2F}
	EndGlobalSection
EndGlobal
