
Microsoft Visual Studio Solution File, Format Version 12.00
# Visual Studio Version 17
VisualStudioVersion = 17.14.36121.58 d17.14
MinimumVisualStudioVersion = 10.0.40219.1
Project("{FAE04EC0-301F-11D3-BF4B-00C04F79EFBC}") = "Encapsulation", "Encapsulation.csproj", "{928921B0-18FC-41DC-81FF-2EDD6ED821AA}"
EndProject
Project("{FAE04EC0-301F-11D3-BF4B-00C04F79EFBC}") = "Product", "Product\Product.csproj", "{AB7A516D-6675-4445-A305-4C9920362D02}"
EndProject
Global
	GlobalSection(SolutionConfigurationPlatforms) = preSolution
		Debug|Any CPU = Debug|Any CPU
		Release|Any CPU = Release|Any CPU
	EndGlobalSection
	GlobalSection(ProjectConfigurationPlatforms) = postSolution
		{928921B0-18FC-41DC-81FF-2EDD6ED821AA}.Debug|Any CPU.ActiveCfg = Debug|Any CPU
		{928921B0-18FC-41DC-81FF-2EDD6ED821AA}.Debug|Any CPU.Build.0 = Debug|Any CPU
		{928921B0-18FC-41DC-81FF-2EDD6ED821AA}.Release|Any CPU.ActiveCfg = Release|Any CPU
		{928921B0-18FC-41DC-81FF-2EDD6ED821AA}.Release|Any CPU.Build.0 = Release|Any CPU
		{AB7A516D-6675-4445-A305-4C9920362D02}.Debug|Any CPU.ActiveCfg = Debug|Any CPU
		{AB7A516D-6675-4445-A305-4C9920362D02}.Debug|Any CPU.Build.0 = Debug|Any CPU
		{AB7A516D-6675-4445-A305-4C9920362D02}.Release|Any CPU.ActiveCfg = Release|Any CPU
		{AB7A516D-6675-4445-A305-4C9920362D02}.Release|Any CPU.Build.0 = Release|Any CPU
	EndGlobalSection
	GlobalSection(SolutionProperties) = preSolution
		HideSolutionNode = FALSE
	EndGlobalSection
	GlobalSection(ExtensibilityGlobals) = postSolution
		SolutionGuid = {DED6D3FB-9875-4BD6-92DC-1AA3A52FEA06}
	EndGlobalSection
EndGlobal
