
Microsoft Visual Studio Solution File, Format Version 12.00
# Visual Studio Version 17
VisualStudioVersion = 17.14.36121.58 d17.14
MinimumVisualStudioVersion = 10.0.40219.1
Project("{FAE04EC0-301F-11D3-BF4B-00C04F79EFBC}") = "FieldExample", "FieldExample.csproj", "{1F919AA9-0305-4536-B546-4FD727B18091}"
EndProject
Project("{FAE04EC0-301F-11D3-BF4B-00C04F79EFBC}") = "Product", "Product\Product.csproj", "{FCF0A14D-FA2C-4863-B542-73A483D40DC1}"
EndProject
Global
	GlobalSection(SolutionConfigurationPlatforms) = preSolution
		Debug|Any CPU = Debug|Any CPU
		Release|Any CPU = Release|Any CPU
	EndGlobalSection
	GlobalSection(ProjectConfigurationPlatforms) = postSolution
		{1F919AA9-0305-4536-B546-4FD727B18091}.Debug|Any CPU.ActiveCfg = Debug|Any CPU
		{1F919AA9-0305-4536-B546-4FD727B18091}.Debug|Any CPU.Build.0 = Debug|Any CPU
		{1F919AA9-0305-4536-B546-4FD727B18091}.Release|Any CPU.ActiveCfg = Release|Any CPU
		{1F919AA9-0305-4536-B546-4FD727B18091}.Release|Any CPU.Build.0 = Release|Any CPU
		{FCF0A14D-FA2C-4863-B542-73A483D40DC1}.Debug|Any CPU.ActiveCfg = Debug|Any CPU
		{FCF0A14D-FA2C-4863-B542-73A483D40DC1}.Debug|Any CPU.Build.0 = Debug|Any CPU
		{FCF0A14D-FA2C-4863-B542-73A483D40DC1}.Release|Any CPU.ActiveCfg = Release|Any CPU
		{FCF0A14D-FA2C-4863-B542-73A483D40DC1}.Release|Any CPU.Build.0 = Release|Any CPU
	EndGlobalSection
	GlobalSection(SolutionProperties) = preSolution
		HideSolutionNode = FALSE
	EndGlobalSection
	GlobalSection(ExtensibilityGlobals) = postSolution
		SolutionGuid = {009EB6AA-CCF3-4AA4-A80D-1EEF17DD6FC2}
	EndGlobalSection
EndGlobal
